github.com/briannoyama/bvh v1.0.2 h1:nd59RcI42u9aw4sdOKB0oLafQnCvHURLLdSFO/vkvPs=
github.com/briannoyama/bvh v1.0.2/go.mod h1:codtZA/6Et1AEJX5WnamT0YeXs/SD7y0j2Y7zwRhrqY=
github.com/briannoyama/go-fast/v2 v2.1.1 h1:j5qjfAN7X3xgIj+3Jpo+a4wWyYOfONdTGDyI//GWi4c=
github.com/briannoyama/go-fast/v2 v2.1.1/go.mod h1:u50Gtpn5uOra/WZmCb+PSY+EPiYSgRlj107qnONLpJE=
